# This file is automatically @generated by Cargo.
# It is not intended for manual editing.
version = 4

[[package]]
name = "litecode-agent"
version = "0.1.0"
dependencies = [
 "litecode-core",
 "litecode-protocol",
]

[[package]]
name = "litecode-core"
version = "0.1.0"
dependencies = [
 "litecode-protocol",
]

[[package]]
name = "litecode-protocol"
version = "0.1.0"
